
Microsoft Visual Studio Solution File, Format Version 12.00
# Visual Studio 15
Project("{FAE04EC0-301F-11D3-BF4B-00C04F79EFBC}") = "Assembly-CSharp", "Assembly-CSharp.csproj", "{ECB22341-0C47-425A-48FE-BC5650E83540}"
EndProject
Project("{FAE04EC0-301F-11D3-BF4B-00C04F79EFBC}") = "Assembly-CSharp-Editor", "Assembly-CSharp-Editor.csproj", "{EED1463A-5F15-F164-1538-E15C4CC2471E}"
EndProject
Global
	GlobalSection(SolutionConfigurationPlatforms) = preSolution
		Debug|Any CPU = Debug|Any CPU
		Release|Any CPU = Release|Any CPU
	EndGlobalSection
	GlobalSection(ProjectConfigurationPlatforms) = postSolution
		{ECB22341-0C47-425A-48FE-BC5650E83540}.Debug|Any CPU.ActiveCfg = Debug|Any CPU
		{ECB22341-0C47-425A-48FE-BC5650E83540}.Debug|Any CPU.Build.0 = Debug|Any CPU
		{ECB22341-0C47-425A-48FE-BC5650E83540}.Release|Any CPU.ActiveCfg = Release|Any CPU
		{ECB22341-0C47-425A-48FE-BC5650E83540}.Release|Any CPU.Build.0 = Release|Any CPU
		{EED1463A-5F15-F164-1538-E15C4CC2471E}.Debug|Any CPU.ActiveCfg = Debug|Any CPU
		{EED1463A-5F15-F164-1538-E15C4CC2471E}.Debug|Any CPU.Build.0 = Debug|Any CPU
		{EED1463A-5F15-F164-1538-E15C4CC2471E}.Release|Any CPU.ActiveCfg = Release|Any CPU
		{EED1463A-5F15-F164-1538-E15C4CC2471E}.Release|Any CPU.Build.0 = Release|Any CPU
	EndGlobalSection
	GlobalSection(SolutionProperties) = preSolution
		HideSolutionNode = FALSE
	EndGlobalSection
EndGlobal
