
Microsoft Visual Studio Solution File, Format Version 12.00
# Visual Studio 15
Project("{FAE04EC0-301F-11D3-BF4B-00C04F79EFBC}") = "Assembly-CSharp", "Assembly-CSharp.csproj", "{CEA615D1-42B7-0ADE-01A1-A9706E8B9DF0}"
EndProject
Project("{FAE04EC0-301F-11D3-BF4B-00C04F79EFBC}") = "Assembly-CSharp-Editor", "Assembly-CSharp-Editor.csproj", "{7F8D31B5-08A2-ABA9-9AF0-8379B4E0F789}"
EndProject
Global
	GlobalSection(SolutionConfigurationPlatforms) = preSolution
		Debug|Any CPU = Debug|Any CPU
		Release|Any CPU = Release|Any CPU
	EndGlobalSection
	GlobalSection(ProjectConfigurationPlatforms) = postSolution
		{CEA615D1-42B7-0ADE-01A1-A9706E8B9DF0}.Debug|Any CPU.ActiveCfg = Debug|Any CPU
		{CEA615D1-42B7-0ADE-01A1-A9706E8B9DF0}.Debug|Any CPU.Build.0 = Debug|Any CPU
		{CEA615D1-42B7-0ADE-01A1-A9706E8B9DF0}.Release|Any CPU.ActiveCfg = Release|Any CPU
		{CEA615D1-42B7-0ADE-01A1-A9706E8B9DF0}.Release|Any CPU.Build.0 = Release|Any CPU
		{7F8D31B5-08A2-ABA9-9AF0-8379B4E0F789}.Debug|Any CPU.ActiveCfg = Debug|Any CPU
		{7F8D31B5-08A2-ABA9-9AF0-8379B4E0F789}.Debug|Any CPU.Build.0 = Debug|Any CPU
		{7F8D31B5-08A2-ABA9-9AF0-8379B4E0F789}.Release|Any CPU.ActiveCfg = Release|Any CPU
		{7F8D31B5-08A2-ABA9-9AF0-8379B4E0F789}.Release|Any CPU.Build.0 = Release|Any CPU
	EndGlobalSection
	GlobalSection(SolutionProperties) = preSolution
		HideSolutionNode = FALSE
	EndGlobalSection
EndGlobal
