
Microsoft Visual Studio Solution File, Format Version 12.00
# Visual Studio 15
Project("{FAE04EC0-301F-11D3-BF4B-00C04F79EFBC}") = "Assembly-CSharp", "Assembly-CSharp.csproj", "{D532B417-9DAD-D06D-EA9B-92204A99BFC9}"
EndProject
Project("{FAE04EC0-301F-11D3-BF4B-00C04F79EFBC}") = "Assembly-CSharp-Editor", "Assembly-CSharp-Editor.csproj", "{76B5824E-7E1A-C09D-78E2-7261DC9C422B}"
EndProject
Global
	GlobalSection(SolutionConfigurationPlatforms) = preSolution
		Debug|Any CPU = Debug|Any CPU
		Release|Any CPU = Release|Any CPU
	EndGlobalSection
	GlobalSection(ProjectConfigurationPlatforms) = postSolution
		{D532B417-9DAD-D06D-EA9B-92204A99BFC9}.Debug|Any CPU.ActiveCfg = Debug|Any CPU
		{D532B417-9DAD-D06D-EA9B-92204A99BFC9}.Debug|Any CPU.Build.0 = Debug|Any CPU
		{D532B417-9DAD-D06D-EA9B-92204A99BFC9}.Release|Any CPU.ActiveCfg = Release|Any CPU
		{D532B417-9DAD-D06D-EA9B-92204A99BFC9}.Release|Any CPU.Build.0 = Release|Any CPU
		{76B5824E-7E1A-C09D-78E2-7261DC9C422B}.Debug|Any CPU.ActiveCfg = Debug|Any CPU
		{76B5824E-7E1A-C09D-78E2-7261DC9C422B}.Debug|Any CPU.Build.0 = Debug|Any CPU
		{76B5824E-7E1A-C09D-78E2-7261DC9C422B}.Release|Any CPU.ActiveCfg = Release|Any CPU
		{76B5824E-7E1A-C09D-78E2-7261DC9C422B}.Release|Any CPU.Build.0 = Release|Any CPU
	EndGlobalSection
	GlobalSection(SolutionProperties) = preSolution
		HideSolutionNode = FALSE
	EndGlobalSection
EndGlobal
